
Microsoft Visual Studio Solution File, Format Version 12.00
# Visual Studio Version 16
VisualStudioVersion = 16.0.29102.190
MinimumVisualStudioVersion = 10.0.40219.1
Project("{2150E333-8FDC-42A3-9474-1A3956D46DE8}") = "Application", "Application", "{39F382A7-E74A-4B7E-AFC6-991805CAD7B5}"
EndProject
Project("{2150E333-8FDC-42A3-9474-1A3956D46DE8}") = "Domain", "Domain", "{7C39D509-FAD0-461F-A977-6645D815F65E}"
EndProject
Project("{2150E333-8FDC-42A3-9474-1A3956D46DE8}") = "Infra.IoC", "Infra.IoC", "{816E3C8D-6F35-458D-9BEE-26ED83F9054C}"
EndProject
Project("{2150E333-8FDC-42A3-9474-1A3956D46DE8}") = "Infra.Data", "Infra.Data", "{2F4DA0C0-EE7D-4133-A7A7-713365F676AE}"
EndProject
Project("{2150E333-8FDC-42A3-9474-1A3956D46DE8}") = "Presentation", "Presentation", "{85DCA3CA-4030-458F-9684-22C7A9873457}"
EndProject
Project("{FAE04EC0-301F-11D3-BF4B-00C04F79EFBC}") = "CleanArch.Mvc", "CleanArch.Mvc\CleanArch.Mvc.csproj", "{D0A735B7-9F8D-4F00-9FC3-C8C67052EEAA}"
EndProject
Global
	GlobalSection(SolutionConfigurationPlatforms) = preSolution
		Debug|Any CPU = Debug|Any CPU
		Release|Any CPU = Release|Any CPU
	EndGlobalSection
	GlobalSection(ProjectConfigurationPlatforms) = postSolution
		{D0A735B7-9F8D-4F00-9FC3-C8C67052EEAA}.Debug|Any CPU.ActiveCfg = Debug|Any CPU
		{D0A735B7-9F8D-4F00-9FC3-C8C67052EEAA}.Debug|Any CPU.Build.0 = Debug|Any CPU
		{D0A735B7-9F8D-4F00-9FC3-C8C67052EEAA}.Release|Any CPU.ActiveCfg = Release|Any CPU
		{D0A735B7-9F8D-4F00-9FC3-C8C67052EEAA}.Release|Any CPU.Build.0 = Release|Any CPU
	EndGlobalSection
	GlobalSection(SolutionProperties) = preSolution
		HideSolutionNode = FALSE
	EndGlobalSection
	GlobalSection(NestedProjects) = preSolution
		{D0A735B7-9F8D-4F00-9FC3-C8C67052EEAA} = {85DCA3CA-4030-458F-9684-22C7A9873457}
	EndGlobalSection
	GlobalSection(ExtensibilityGlobals) = postSolution
		SolutionGuid = {34AE2A98-9BE6-4266-9CE2-AC9DA0C5BC68}
	EndGlobalSection
EndGlobal
